
Microsoft Visual Studio Solution File, Format Version 12.00
# Visual Studio 15
VisualStudioVersion = 15.0.28307.705
MinimumVisualStudioVersion = 10.0.40219.1
Project("{FAE04EC0-301F-11D3-BF4B-00C04F79EFBC}") = "ARRAYS", "ARRAYS\ARRAYS.csproj", "{835ABCA4-3949-4566-AC04-02DB40AE849D}"
EndProject
Global
	GlobalSection(SolutionConfigurationPlatforms) = preSolution
		Debug|Any CPU = Debug|Any CPU
		Release|Any CPU = Release|Any CPU
	EndGlobalSection
	GlobalSection(ProjectConfigurationPlatforms) = postSolution
		{835ABCA4-3949-4566-AC04-02DB40AE849D}.Debug|Any CPU.ActiveCfg = Debug|Any CPU
		{835ABCA4-3949-4566-AC04-02DB40AE849D}.Debug|Any CPU.Build.0 = Debug|Any CPU
		{835ABCA4-3949-4566-AC04-02DB40AE849D}.Release|Any CPU.ActiveCfg = Release|Any CPU
		{835ABCA4-3949-4566-AC04-02DB40AE849D}.Release|Any CPU.Build.0 = Release|Any CPU
	EndGlobalSection
	GlobalSection(SolutionProperties) = preSolution
		HideSolutionNode = FALSE
	EndGlobalSection
	GlobalSection(ExtensibilityGlobals) = postSolution
		SolutionGuid = {FFA2D5ED-0F2B-4CF7-927F-90509BF03EF4}
	EndGlobalSection
EndGlobal
